
Microsoft Visual Studio Solution File, Format Version 12.00
# Visual Studio Version 16
VisualStudioVersion = 16.0.29613.14
MinimumVisualStudioVersion = 10.0.40219.1
Project("{9A19103F-16F7-4668-BE54-9A1E7A4F7556}") = "BlazorApp", "BlazorApp\BlazorApp.csproj", "{3297D06E-D828-4628-A13B-BC009A1FCDF0}"
EndProject
Project("{FAE04EC0-301F-11D3-BF4B-00C04F79EFBC}") = "UIRazorComponentLibrary", "UIRazorComponentLibrary\UIRazorComponentLibrary.csproj", "{DAFCAAF0-E079-4431-A29C-1EB99DD53C1F}"
EndProject
Project("{FAE04EC0-301F-11D3-BF4B-00C04F79EFBC}") = "SharedModelLibrary", "SharedModelLibrary\SharedModelLibrary.csproj", "{F18B42BE-00C1-4126-B624-D9616DCA8DDB}"
EndProject
Project("{FAE04EC0-301F-11D3-BF4B-00C04F79EFBC}") = "WebAPI", "WebAPI\WebAPI.csproj", "{D2B22C83-F1CD-4A9E-B921-5D03BE407857}"
EndProject
Global
	GlobalSection(SolutionConfigurationPlatforms) = preSolution
		Debug|Any CPU = Debug|Any CPU
		Release|Any CPU = Release|Any CPU
	EndGlobalSection
	GlobalSection(ProjectConfigurationPlatforms) = postSolution
		{3297D06E-D828-4628-A13B-BC009A1FCDF0}.Debug|Any CPU.ActiveCfg = Debug|Any CPU
		{3297D06E-D828-4628-A13B-BC009A1FCDF0}.Debug|Any CPU.Build.0 = Debug|Any CPU
		{3297D06E-D828-4628-A13B-BC009A1FCDF0}.Release|Any CPU.ActiveCfg = Release|Any CPU
		{3297D06E-D828-4628-A13B-BC009A1FCDF0}.Release|Any CPU.Build.0 = Release|Any CPU
		{DAFCAAF0-E079-4431-A29C-1EB99DD53C1F}.Debug|Any CPU.ActiveCfg = Debug|Any CPU
		{DAFCAAF0-E079-4431-A29C-1EB99DD53C1F}.Debug|Any CPU.Build.0 = Debug|Any CPU
		{DAFCAAF0-E079-4431-A29C-1EB99DD53C1F}.Release|Any CPU.ActiveCfg = Release|Any CPU
		{DAFCAAF0-E079-4431-A29C-1EB99DD53C1F}.Release|Any CPU.Build.0 = Release|Any CPU
		{F18B42BE-00C1-4126-B624-D9616DCA8DDB}.Debug|Any CPU.ActiveCfg = Debug|Any CPU
		{F18B42BE-00C1-4126-B624-D9616DCA8DDB}.Debug|Any CPU.Build.0 = Debug|Any CPU
		{F18B42BE-00C1-4126-B624-D9616DCA8DDB}.Release|Any CPU.ActiveCfg = Release|Any CPU
		{F18B42BE-00C1-4126-B624-D9616DCA8DDB}.Release|Any CPU.Build.0 = Release|Any CPU
		{D2B22C83-F1CD-4A9E-B921-5D03BE407857}.Debug|Any CPU.ActiveCfg = Debug|Any CPU
		{D2B22C83-F1CD-4A9E-B921-5D03BE407857}.Debug|Any CPU.Build.0 = Debug|Any CPU
		{D2B22C83-F1CD-4A9E-B921-5D03BE407857}.Release|Any CPU.ActiveCfg = Release|Any CPU
		{D2B22C83-F1CD-4A9E-B921-5D03BE407857}.Release|Any CPU.Build.0 = Release|Any CPU
	EndGlobalSection
	GlobalSection(SolutionProperties) = preSolution
		HideSolutionNode = FALSE
	EndGlobalSection
	GlobalSection(ExtensibilityGlobals) = postSolution
		SolutionGuid = {F6ED484B-7145-4067-A8E7-2C58BC6462DE}
	EndGlobalSection
EndGlobal
